{
  "name": "frontend",
  "lockfileVersion": 3,
  "requires": true,
  "packages": {
    "": {
      "dependencies": {
        "gojs": "^3.0.11"
      }
    },
    "node_modules/gojs": {
      "version": "3.0.11",
      "resolved": "https://registry.npmjs.org/gojs/-/gojs-3.0.11.tgz",
      "integrity": "sha512-DYOByliVMG8LMuPf13V7D9cik59aSwWWrPevibAvPtwCsCBqEw3eWOoqmwiU2+J5ev+rMxb2l1Na6GkyZmxbwA==",
      "license": "SEE LICENSE IN license.html"
    }
  }
}
